
Microsoft Visual Studio Solution File, Format Version 12.00
# Visual Studio Version 17
VisualStudioVersion = 17.8.34511.84
MinimumVisualStudioVersion = 10.0.40219.1
Project("{8BC9CEB8-8B4A-11D0-8D11-00A0C91BC942}") = "TheIntro", "TheIntro\TheIntro.vcxproj", "{2AFC0D79-0FEE-4BDD-A67B-DEF806F761F8}"
EndProject
Project("{8BC9CEB8-8B4A-11D0-8D11-00A0C91BC942}") = "Arrays", "Arrays\Arrays.vcxproj", "{12802349-89EE-4FAF-8A0C-A718B9F6B536}"
EndProject
Project("{8BC9CEB8-8B4A-11D0-8D11-00A0C91BC942}") = "FunctionsAndCharacterArray", "FunctionsAndCharacterArray\FunctionsAndCharacterArray.vcxproj", "{5A0BDF6E-E008-4A35-BFEE-255695F586C9}"
EndProject
Project("{8BC9CEB8-8B4A-11D0-8D11-00A0C91BC942}") = "CharacterArrays", "CharacterArrays\CharacterArrays.vcxproj", "{A5B7DF2A-7086-422F-AEE3-2850E3E5C067}"
EndProject
Project("{8BC9CEB8-8B4A-11D0-8D11-00A0C91BC942}") = "StructsAndClasses", "StructsAndClasses\StructsAndClasses.vcxproj", "{0398BF17-B683-4BFB-A131-88CC853020B6}"
EndProject
Project("{8BC9CEB8-8B4A-11D0-8D11-00A0C91BC942}") = "Contructors and Destructors", "Contructors and Destructors\Contructors and Destructors.vcxproj", "{2E4FA59F-29B9-4F7C-BC98-5DFD76C59E3F}"
EndProject
Project("{8BC9CEB8-8B4A-11D0-8D11-00A0C91BC942}") = "Pointers", "Pointers\Pointers.vcxproj", "{74EC8BC8-C0CD-4695-B711-1082A8025D43}"
EndProject
Project("{8BC9CEB8-8B4A-11D0-8D11-00A0C91BC942}") = "TextCombat", "TextCombat\TextCombat.vcxproj", "{CD5AE5C5-BFDD-4F28-9D42-0A7C12AA6EDB}"
EndProject
Project("{8BC9CEB8-8B4A-11D0-8D11-00A0C91BC942}") = "ZombieTextBattler", "ZombieTextBattler\ZombieTextBattler.vcxproj", "{FA04616D-1D2A-4F45-A9D1-B498404D775E}"
EndProject
Global
	GlobalSection(SolutionConfigurationPlatforms) = preSolution
		Debug|x64 = Debug|x64
		Debug|x86 = Debug|x86
		Release|x64 = Release|x64
		Release|x86 = Release|x86
	EndGlobalSection
	GlobalSection(ProjectConfigurationPlatforms) = postSolution
		{2AFC0D79-0FEE-4BDD-A67B-DEF806F761F8}.Debug|x64.ActiveCfg = Debug|x64
		{2AFC0D79-0FEE-4BDD-A67B-DEF806F761F8}.Debug|x64.Build.0 = Debug|x64
		{2AFC0D79-0FEE-4BDD-A67B-DEF806F761F8}.Debug|x86.ActiveCfg = Debug|Win32
		{2AFC0D79-0FEE-4BDD-A67B-DEF806F761F8}.Debug|x86.Build.0 = Debug|Win32
		{2AFC0D79-0FEE-4BDD-A67B-DEF806F761F8}.Release|x64.ActiveCfg = Release|x64
		{2AFC0D79-0FEE-4BDD-A67B-DEF806F761F8}.Release|x64.Build.0 = Release|x64
		{2AFC0D79-0FEE-4BDD-A67B-DEF806F761F8}.Release|x86.ActiveCfg = Release|Win32
		{2AFC0D79-0FEE-4BDD-A67B-DEF806F761F8}.Release|x86.Build.0 = Release|Win32
		{12802349-89EE-4FAF-8A0C-A718B9F6B536}.Debug|x64.ActiveCfg = Debug|x64
		{12802349-89EE-4FAF-8A0C-A718B9F6B536}.Debug|x64.Build.0 = Debug|x64
		{12802349-89EE-4FAF-8A0C-A718B9F6B536}.Debug|x86.ActiveCfg = Debug|Win32
		{12802349-89EE-4FAF-8A0C-A718B9F6B536}.Debug|x86.Build.0 = Debug|Win32
		{12802349-89EE-4FAF-8A0C-A718B9F6B536}.Release|x64.ActiveCfg = Release|x64
		{12802349-89EE-4FAF-8A0C-A718B9F6B536}.Release|x64.Build.0 = Release|x64
		{12802349-89EE-4FAF-8A0C-A718B9F6B536}.Release|x86.ActiveCfg = Release|Win32
		{12802349-89EE-4FAF-8A0C-A718B9F6B536}.Release|x86.Build.0 = Release|Win32
		{5A0BDF6E-E008-4A35-BFEE-255695F586C9}.Debug|x64.ActiveCfg = Debug|x64
		{5A0BDF6E-E008-4A35-BFEE-255695F586C9}.Debug|x64.Build.0 = Debug|x64
		{5A0BDF6E-E008-4A35-BFEE-255695F586C9}.Debug|x86.ActiveCfg = Debug|Win32
		{5A0BDF6E-E008-4A35-BFEE-255695F586C9}.Debug|x86.Build.0 = Debug|Win32
		{5A0BDF6E-E008-4A35-BFEE-255695F586C9}.Release|x64.ActiveCfg = Release|x64
		{5A0BDF6E-E008-4A35-BFEE-255695F586C9}.Release|x64.Build.0 = Release|x64
		{5A0BDF6E-E008-4A35-BFEE-255695F586C9}.Release|x86.ActiveCfg = Release|Win32
		{5A0BDF6E-E008-4A35-BFEE-255695F586C9}.Release|x86.Build.0 = Release|Win32
		{A5B7DF2A-7086-422F-AEE3-2850E3E5C067}.Debug|x64.ActiveCfg = Debug|x64
		{A5B7DF2A-7086-422F-AEE3-2850E3E5C067}.Debug|x64.Build.0 = Debug|x64
		{A5B7DF2A-7086-422F-AEE3-2850E3E5C067}.Debug|x86.ActiveCfg = Debug|Win32
		{A5B7DF2A-7086-422F-AEE3-2850E3E5C067}.Debug|x86.Build.0 = Debug|Win32
		{A5B7DF2A-7086-422F-AEE3-2850E3E5C067}.Release|x64.ActiveCfg = Release|x64
		{A5B7DF2A-7086-422F-AEE3-2850E3E5C067}.Release|x64.Build.0 = Release|x64
		{A5B7DF2A-7086-422F-AEE3-2850E3E5C067}.Release|x86.ActiveCfg = Release|Win32
		{A5B7DF2A-7086-422F-AEE3-2850E3E5C067}.Release|x86.Build.0 = Release|Win32
		{0398BF17-B683-4BFB-A131-88CC853020B6}.Debug|x64.ActiveCfg = Debug|x64
		{0398BF17-B683-4BFB-A131-88CC853020B6}.Debug|x64.Build.0 = Debug|x64
		{0398BF17-B683-4BFB-A131-88CC853020B6}.Debug|x86.ActiveCfg = Debug|Win32
		{0398BF17-B683-4BFB-A131-88CC853020B6}.Debug|x86.Build.0 = Debug|Win32
		{0398BF17-B683-4BFB-A131-88CC853020B6}.Release|x64.ActiveCfg = Release|x64
		{0398BF17-B683-4BFB-A131-88CC853020B6}.Release|x64.Build.0 = Release|x64
		{0398BF17-B683-4BFB-A131-88CC853020B6}.Release|x86.ActiveCfg = Release|Win32
		{0398BF17-B683-4BFB-A131-88CC853020B6}.Release|x86.Build.0 = Release|Win32
		{2E4FA59F-29B9-4F7C-BC98-5DFD76C59E3F}.Debug|x64.ActiveCfg = Debug|x64
		{2E4FA59F-29B9-4F7C-BC98-5DFD76C59E3F}.Debug|x64.Build.0 = Debug|x64
		{2E4FA59F-29B9-4F7C-BC98-5DFD76C59E3F}.Debug|x86.ActiveCfg = Debug|Win32
		{2E4FA59F-29B9-4F7C-BC98-5DFD76C59E3F}.Debug|x86.Build.0 = Debug|Win32
		{2E4FA59F-29B9-4F7C-BC98-5DFD76C59E3F}.Release|x64.ActiveCfg = Release|x64
		{2E4FA59F-29B9-4F7C-BC98-5DFD76C59E3F}.Release|x64.Build.0 = Release|x64
		{2E4FA59F-29B9-4F7C-BC98-5DFD76C59E3F}.Release|x86.ActiveCfg = Release|Win32
		{2E4FA59F-29B9-4F7C-BC98-5DFD76C59E3F}.Release|x86.Build.0 = Release|Win32
		{74EC8BC8-C0CD-4695-B711-1082A8025D43}.Debug|x64.ActiveCfg = Debug|x64
		{74EC8BC8-C0CD-4695-B711-1082A8025D43}.Debug|x64.Build.0 = Debug|x64
		{74EC8BC8-C0CD-4695-B711-1082A8025D43}.Debug|x86.ActiveCfg = Debug|Win32
		{74EC8BC8-C0CD-4695-B711-1082A8025D43}.Debug|x86.Build.0 = Debug|Win32
		{74EC8BC8-C0CD-4695-B711-1082A8025D43}.Release|x64.ActiveCfg = Release|x64
		{74EC8BC8-C0CD-4695-B711-1082A8025D43}.Release|x64.Build.0 = Release|x64
		{74EC8BC8-C0CD-4695-B711-1082A8025D43}.Release|x86.ActiveCfg = Release|Win32
		{74EC8BC8-C0CD-4695-B711-1082A8025D43}.Release|x86.Build.0 = Release|Win32
		{CD5AE5C5-BFDD-4F28-9D42-0A7C12AA6EDB}.Debug|x64.ActiveCfg = Debug|x64
		{CD5AE5C5-BFDD-4F28-9D42-0A7C12AA6EDB}.Debug|x64.Build.0 = Debug|x64
		{CD5AE5C5-BFDD-4F28-9D42-0A7C12AA6EDB}.Debug|x86.ActiveCfg = Debug|Win32
		{CD5AE5C5-BFDD-4F28-9D42-0A7C12AA6EDB}.Debug|x86.Build.0 = Debug|Win32
		{CD5AE5C5-BFDD-4F28-9D42-0A7C12AA6EDB}.Release|x64.ActiveCfg = Release|x64
		{CD5AE5C5-BFDD-4F28-9D42-0A7C12AA6EDB}.Release|x64.Build.0 = Release|x64
		{CD5AE5C5-BFDD-4F28-9D42-0A7C12AA6EDB}.Release|x86.ActiveCfg = Release|Win32
		{CD5AE5C5-BFDD-4F28-9D42-0A7C12AA6EDB}.Release|x86.Build.0 = Release|Win32
		{FA04616D-1D2A-4F45-A9D1-B498404D775E}.Debug|x64.ActiveCfg = Debug|x64
		{FA04616D-1D2A-4F45-A9D1-B498404D775E}.Debug|x64.Build.0 = Debug|x64
		{FA04616D-1D2A-4F45-A9D1-B498404D775E}.Debug|x86.ActiveCfg = Debug|Win32
		{FA04616D-1D2A-4F45-A9D1-B498404D775E}.Debug|x86.Build.0 = Debug|Win32
		{FA04616D-1D2A-4F45-A9D1-B498404D775E}.Release|x64.ActiveCfg = Release|x64
		{FA04616D-1D2A-4F45-A9D1-B498404D775E}.Release|x64.Build.0 = Release|x64
		{FA04616D-1D2A-4F45-A9D1-B498404D775E}.Release|x86.ActiveCfg = Release|Win32
		{FA04616D-1D2A-4F45-A9D1-B498404D775E}.Release|x86.Build.0 = Release|Win32
	EndGlobalSection
	GlobalSection(SolutionProperties) = preSolution
		HideSolutionNode = FALSE
	EndGlobalSection
	GlobalSection(ExtensibilityGlobals) = postSolution
		SolutionGuid = {1399DCFF-0D01-4E3D-B073-097EF67CB4CB}
	EndGlobalSection
EndGlobal
